
Microsoft Visual Studio Solution File, Format Version 12.00
# Visual Studio Version 17
VisualStudioVersion = 17.2.32616.157
MinimumVisualStudioVersion = 10.0.40219.1
Project("{FAE04EC0-301F-11D3-BF4B-00C04F79EFBC}") = "KeePassConnector", "KeePassConnector\KeePassConnector.csproj", "{EE2BFC19-3364-4CEE-A1A7-3843EBEE69B3}"
EndProject
Project("{FAE04EC0-301F-11D3-BF4B-00C04F79EFBC}") = "KeePassConnectorTester", "KeePassConnectorTester\KeePassConnectorTester.csproj", "{D15B51A4-EABD-4910-BC1C-AD5C5FBB6B34}"
EndProject
Global
	GlobalSection(SolutionConfigurationPlatforms) = preSolution
		Debug|Any CPU = Debug|Any CPU
		Release|Any CPU = Release|Any CPU
	EndGlobalSection
	GlobalSection(ProjectConfigurationPlatforms) = postSolution
		{EE2BFC19-3364-4CEE-A1A7-3843EBEE69B3}.Debug|Any CPU.ActiveCfg = Debug|Any CPU
		{EE2BFC19-3364-4CEE-A1A7-3843EBEE69B3}.Debug|Any CPU.Build.0 = Debug|Any CPU
		{EE2BFC19-3364-4CEE-A1A7-3843EBEE69B3}.Release|Any CPU.ActiveCfg = Release|Any CPU
		{EE2BFC19-3364-4CEE-A1A7-3843EBEE69B3}.Release|Any CPU.Build.0 = Release|Any CPU
		{D15B51A4-EABD-4910-BC1C-AD5C5FBB6B34}.Debug|Any CPU.ActiveCfg = Debug|Any CPU
		{D15B51A4-EABD-4910-BC1C-AD5C5FBB6B34}.Debug|Any CPU.Build.0 = Debug|Any CPU
		{D15B51A4-EABD-4910-BC1C-AD5C5FBB6B34}.Release|Any CPU.ActiveCfg = Release|Any CPU
		{D15B51A4-EABD-4910-BC1C-AD5C5FBB6B34}.Release|Any CPU.Build.0 = Release|Any CPU
	EndGlobalSection
	GlobalSection(SolutionProperties) = preSolution
		HideSolutionNode = FALSE
	EndGlobalSection
	GlobalSection(ExtensibilityGlobals) = postSolution
		SolutionGuid = {B1F7F040-6268-4C8F-9BAB-811696C5771E}
	EndGlobalSection
EndGlobal
